
Microsoft Visual Studio Solution File, Format Version 12.00
# Visual Studio Version 17
VisualStudioVersion = 17.3.32929.385
MinimumVisualStudioVersion = 10.0.40219.1
Project("{9A19103F-16F7-4668-BE54-9A1E7A4F7556}") = "Cinemaxx", "Cinemaxx\Cinemaxx.csproj", "{F028F537-E6D5-4BF2-B2BA-2855F022C0B9}"
EndProject
Global
	GlobalSection(SolutionConfigurationPlatforms) = preSolution
		Debug|Any CPU = Debug|Any CPU
		Release|Any CPU = Release|Any CPU
	EndGlobalSection
	GlobalSection(ProjectConfigurationPlatforms) = postSolution
		{F028F537-E6D5-4BF2-B2BA-2855F022C0B9}.Debug|Any CPU.ActiveCfg = Debug|Any CPU
		{F028F537-E6D5-4BF2-B2BA-2855F022C0B9}.Debug|Any CPU.Build.0 = Debug|Any CPU
		{F028F537-E6D5-4BF2-B2BA-2855F022C0B9}.Release|Any CPU.ActiveCfg = Release|Any CPU
		{F028F537-E6D5-4BF2-B2BA-2855F022C0B9}.Release|Any CPU.Build.0 = Release|Any CPU
	EndGlobalSection
	GlobalSection(SolutionProperties) = preSolution
		HideSolutionNode = FALSE
	EndGlobalSection
	GlobalSection(ExtensibilityGlobals) = postSolution
		SolutionGuid = {6F765A7D-B168-4B19-BB79-5B307351973E}
	EndGlobalSection
EndGlobal
