
Microsoft Visual Studio Solution File, Format Version 12.00
# Visual Studio Version 17
VisualStudioVersion = 17.3.32929.385
MinimumVisualStudioVersion = 10.0.40219.1
Project("{FAE04EC0-301F-11D3-BF4B-00C04F79EFBC}") = "Cinemaxx", "Cinemaxx\Cinemaxx.csproj", "{385FFBFE-C59C-47E9-9F65-174B815AB9A7}"
EndProject
Global
	GlobalSection(SolutionConfigurationPlatforms) = preSolution
		Debug|Any CPU = Debug|Any CPU
		Release|Any CPU = Release|Any CPU
	EndGlobalSection
	GlobalSection(ProjectConfigurationPlatforms) = postSolution
		{385FFBFE-C59C-47E9-9F65-174B815AB9A7}.Debug|Any CPU.ActiveCfg = Debug|Any CPU
		{385FFBFE-C59C-47E9-9F65-174B815AB9A7}.Debug|Any CPU.Build.0 = Debug|Any CPU
		{385FFBFE-C59C-47E9-9F65-174B815AB9A7}.Release|Any CPU.ActiveCfg = Release|Any CPU
		{385FFBFE-C59C-47E9-9F65-174B815AB9A7}.Release|Any CPU.Build.0 = Release|Any CPU
	EndGlobalSection
	GlobalSection(SolutionProperties) = preSolution
		HideSolutionNode = FALSE
	EndGlobalSection
	GlobalSection(ExtensibilityGlobals) = postSolution
		SolutionGuid = {E9079CF5-0321-439C-87CE-A549B94A5B5B}
	EndGlobalSection
EndGlobal
